{
  "nodes": {
    "awesome": {
      "flake": false,
      "locked": {
        "lastModified": 1738709653,
        "narHash": "sha256-IN5sNBDoC6CtBzr3Qp8S9r0rfqR2CD/maGB1aiZdRE4=",
        "owner": "awesomeWM",
        "repo": "awesome",
        "rev": "691e36425a645e54402cb04efc4c2b00d73051bd",
        "type": "github"
      },
      "original": {
        "owner": "awesomeWM",
        "ref": "master",
        "repo": "awesome",
        "type": "github"
      }
    },
    "bling": {
      "flake": false,
      "locked": {
        "lastModified": 1734481618,
        "narHash": "sha256-rhhUsXQ3awjFiEHEG0axilSCWS6pR+w74K/pIfEUc5w=",
        "owner": "BlingCorp",
        "repo": "bling",
        "rev": "bcfb671248cf9ff636b7fd7d7120d8ed9deaa395",
        "type": "github"
      },
      "original": {
        "owner": "BlingCorp",
        "ref": "master",
        "repo": "bling",
        "type": "github"
      }
    },
    "nixpkgs": {
      "locked": {
        "lastModified": 1738824222,
        "narHash": "sha256-U3SNq+waitGIotmgg/Et3J7o4NvUtP2gb2VhME5QXiw=",
        "owner": "NixOS",
        "repo": "nixpkgs",
        "rev": "550e11f27ba790351d390d9eca3b80ad0f0254e7",
        "type": "github"
      },
      "original": {
        "id": "nixpkgs",
        "ref": "nixos-unstable",
        "type": "indirect"
      }
    },
    "root": {
      "inputs": {
        "awesome": "awesome",
        "bling": "bling",
        "nixpkgs": "nixpkgs"
      }
    }
  },
  "root": "root",
  "version": 7
}
